// !$*UTF8*$!
{
	archiveVersion = 1;
	classes = {
	};
	objectVersion = 48;
	objects = {

/* Begin PBXBuildFile section */
		914559191F59F399002E0EEE /* RoundedButton.swift in Sources */ = {isa = PBXBuildFile; fileRef = 914559181F59F399002E0EEE /* RoundedButton.swift */; };
		9145591D1F5A253A002E0EEE /* UserDataService.swift in Sources */ = {isa = PBXBuildFile; fileRef = 9145591C1F5A253A002E0EEE /* UserDataService.swift */; };
		9146B7811F58E27900D25394 /* ChannelVC.swift in Sources */ = {isa = PBXBuildFile; fileRef = 9146B7801F58E27900D25394 /* ChannelVC.swift */; };
		91B196191F58EB1200831E52 /* SWRevealViewController.m in Sources */ = {isa = PBXBuildFile; fileRef = 91B196171F58EB1000831E52 /* SWRevealViewController.m */; };
		91B1961B1F58EEDB00831E52 /* GradientView.swift in Sources */ = {isa = PBXBuildFile; fileRef = 91B1961A1F58EEDB00831E52 /* GradientView.swift */; };
		91B1961E1F59168E00831E52 /* Constants.swift in Sources */ = {isa = PBXBuildFile; fileRef = 91B1961D1F59168E00831E52 /* Constants.swift */; };
		91B196201F591C9400831E52 /* LoginVC.swift in Sources */ = {isa = PBXBuildFile; fileRef = 91B1961F1F591C9400831E52 /* LoginVC.swift */; };
		91C792D01F593E59004DE3A7 /* AuthService.swift in Sources */ = {isa = PBXBuildFile; fileRef = 91C792CF1F593E59004DE3A7 /* AuthService.swift */; };
		91CC121B1F57CE0500F546EA /* AppDelegate.swift in Sources */ = {isa = PBXBuildFile; fileRef = 91CC121A1F57CE0500F546EA /* AppDelegate.swift */; };
		91CC121D1F57CE0500F546EA /* ChatVC.swift in Sources */ = {isa = PBXBuildFile; fileRef = 91CC121C1F57CE0500F546EA /* ChatVC.swift */; };
		91CC12201F57CE0500F546EA /* Main.storyboard in Resources */ = {isa = PBXBuildFile; fileRef = 91CC121E1F57CE0500F546EA /* Main.storyboard */; };
		91CC12221F57CE0500F546EA /* Assets.xcassets in Resources */ = {isa = PBXBuildFile; fileRef = 91CC12211F57CE0500F546EA /* Assets.xcassets */; };
		91CC12251F57CE0500F546EA /* LaunchScreen.storyboard in Resources */ = {isa = PBXBuildFile; fileRef = 91CC12231F57CE0500F546EA /* LaunchScreen.storyboard */; };
		91FCBB271F591ED00027BC77 /* CreateAccountVC.swift in Sources */ = {isa = PBXBuildFile; fileRef = 91FCBB261F591ED00027BC77 /* CreateAccountVC.swift */; };
		C2940533E29048FBDD9205C6 /* Pods_Smack.framework in Frameworks */ = {isa = PBXBuildFile; fileRef = 4D3D53DA9F3DE138FE56D577 /* Pods_Smack.framework */; };
/* End PBXBuildFile section */

/* Begin PBXFileReference section */
		4D3D53DA9F3DE138FE56D577 /* Pods_Smack.framework */ = {isa = PBXFileReference; explicitFileType = wrapper.framework; includeInIndex = 0; path = Pods_Smack.framework; sourceTree = BUILT_PRODUCTS_DIR; };
		914559181F59F399002E0EEE /* RoundedButton.swift */ = {isa = PBXFileReference; lastKnownFileType = sourcecode.swift; path = RoundedButton.swift; sourceTree = "<group>"; };
		9145591C1F5A253A002E0EEE /* UserDataService.swift */ = {isa = PBXFileReference; lastKnownFileType = sourcecode.swift; path = UserDataService.swift; sourceTree = "<group>"; };
		9146B7801F58E27900D25394 /* ChannelVC.swift */ = {isa = PBXFileReference; lastKnownFileType = sourcecode.swift; path = ChannelVC.swift; sourceTree = "<group>"; };
		9162EDC01F57D8290046FFFA /* Smack-Bridging-Header.h */ = {isa = PBXFileReference; lastKnownFileType = sourcecode.c.h; path = "Smack-Bridging-Header.h"; sourceTree = "<group>"; };
		91B196171F58EB1000831E52 /* SWRevealViewController.m */ = {isa = PBXFileReference; lastKnownFileType = sourcecode.c.objc; path = SWRevealViewController.m; sourceTree = "<group>"; };
		91B196181F58EB1000831E52 /* SWRevealViewController.h */ = {isa = PBXFileReference; lastKnownFileType = sourcecode.c.h; path = SWRevealViewController.h; sourceTree = "<group>"; };
		91B1961A1F58EEDB00831E52 /* GradientView.swift */ = {isa = PBXFileReference; lastKnownFileType = sourcecode.swift; path = GradientView.swift; sourceTree = "<group>"; };
		91B1961D1F59168E00831E52 /* Constants.swift */ = {isa = PBXFileReference; lastKnownFileType = sourcecode.swift; path = Constants.swift; sourceTree = "<group>"; };
		91B1961F1F591C9400831E52 /* LoginVC.swift */ = {isa = PBXFileReference; lastKnownFileType = sourcecode.swift; path = LoginVC.swift; sourceTree = "<group>"; };
		91C792CF1F593E59004DE3A7 /* AuthService.swift */ = {isa = PBXFileReference; lastKnownFileType = sourcecode.swift; path = AuthService.swift; sourceTree = "<group>"; };
		91CC12171F57CE0500F546EA /* Smack.app */ = {isa = PBXFileReference; explicitFileType = wrapper.application; includeInIndex = 0; path = Smack.app; sourceTree = BUILT_PRODUCTS_DIR; };
		91CC121A1F57CE0500F546EA /* AppDelegate.swift */ = {isa = PBXFileReference; lastKnownFileType = sourcecode.swift; path = AppDelegate.swift; sourceTree = "<group>"; };
		91CC121C1F57CE0500F546EA /* ChatVC.swift */ = {isa = PBXFileReference; lastKnownFileType = sourcecode.swift; path = ChatVC.swift; sourceTree = "<group>"; };
		91CC121F1F57CE0500F546EA /* Base */ = {isa = PBXFileReference; lastKnownFileType = file.storyboard; name = Base; path = Base.lproj/Main.storyboard; sourceTree = "<group>"; };
		91CC12211F57CE0500F546EA /* Assets.xcassets */ = {isa = PBXFileReference; lastKnownFileType = folder.assetcatalog; path = Assets.xcassets; sourceTree = "<group>"; };
		91CC12241F57CE0500F546EA /* Base */ = {isa = PBXFileReference; lastKnownFileType = file.storyboard; name = Base; path = Base.lproj/LaunchScreen.storyboard; sourceTree = "<group>"; };
		91CC12261F57CE0500F546EA /* Info.plist */ = {isa = PBXFileReference; lastKnownFileType = text.plist.xml; path = Info.plist; sourceTree = "<group>"; };
		91FCBB261F591ED00027BC77 /* CreateAccountVC.swift */ = {isa = PBXFileReference; lastKnownFileType = sourcecode.swift; path = CreateAccountVC.swift; sourceTree = "<group>"; };
		DA45A3F684277CAA0515177B /* Pods-Smack.release.xcconfig */ = {isa = PBXFileReference; includeInIndex = 1; lastKnownFileType = text.xcconfig; name = "Pods-Smack.release.xcconfig"; path = "Pods/Target Support Files/Pods-Smack/Pods-Smack.release.xcconfig"; sourceTree = "<group>"; };
		EDD4B9477FF4F60E3EA4B390 /* Pods-Smack.debug.xcconfig */ = {isa = PBXFileReference; includeInIndex = 1; lastKnownFileType = text.xcconfig; name = "Pods-Smack.debug.xcconfig"; path = "Pods/Target Support Files/Pods-Smack/Pods-Smack.debug.xcconfig"; sourceTree = "<group>"; };
/* End PBXFileReference section */

/* Begin PBXFrameworksBuildPhase section */
		91CC12141F57CE0500F546EA /* Frameworks */ = {
			isa = PBXFrameworksBuildPhase;
			buildActionMask = 2147483647;
			files = (
				C2940533E29048FBDD9205C6 /* Pods_Smack.framework in Frameworks */,
			);
			runOnlyForDeploymentPostprocessing = 0;
		};
/* End PBXFrameworksBuildPhase section */

/* Begin PBXGroup section */
		86146257831BCB644E6D66F4 /* Frameworks */ = {
			isa = PBXGroup;
			children = (
				4D3D53DA9F3DE138FE56D577 /* Pods_Smack.framework */,
			);
			name = Frameworks;
			sourceTree = "<group>";
		};
		9146B77D1F58E22A00D25394 /* Controller */ = {
			isa = PBXGroup;
			children = (
				91CC121C1F57CE0500F546EA /* ChatVC.swift */,
				9146B7801F58E27900D25394 /* ChannelVC.swift */,
				91B1961F1F591C9400831E52 /* LoginVC.swift */,
				91FCBB261F591ED00027BC77 /* CreateAccountVC.swift */,
			);
			path = Controller;
			sourceTree = "<group>";
		};
		9146B77E1F58E22E00D25394 /* View */ = {
			isa = PBXGroup;
			children = (
				91CC121E1F57CE0500F546EA /* Main.storyboard */,
				91CC12231F57CE0500F546EA /* LaunchScreen.storyboard */,
				91B1961A1F58EEDB00831E52 /* GradientView.swift */,
				914559181F59F399002E0EEE /* RoundedButton.swift */,
			);
			path = View;
			sourceTree = "<group>";
		};
		9146B77F1F58E23700D25394 /* Model */ = {
			isa = PBXGroup;
			children = (
			);
			path = Model;
			sourceTree = "<group>";
		};
		9162EDBF1F57D7FD0046FFFA /* Supporting Files */ = {
			isa = PBXGroup;
			children = (
				91B196181F58EB1000831E52 /* SWRevealViewController.h */,
				91B196171F58EB1000831E52 /* SWRevealViewController.m */,
				9162EDC01F57D8290046FFFA /* Smack-Bridging-Header.h */,
			);
			path = "Supporting Files";
			sourceTree = "<group>";
		};
		91B1961C1F59167A00831E52 /* Utilities */ = {
			isa = PBXGroup;
			children = (
				91B1961D1F59168E00831E52 /* Constants.swift */,
			);
			path = Utilities;
			sourceTree = "<group>";
		};
		91C792CE1F593E42004DE3A7 /* Services */ = {
			isa = PBXGroup;
			children = (
				91C792CF1F593E59004DE3A7 /* AuthService.swift */,
				9145591C1F5A253A002E0EEE /* UserDataService.swift */,
			);
			path = Services;
			sourceTree = "<group>";
		};
		91CC120E1F57CE0500F546EA = {
			isa = PBXGroup;
			children = (
				91CC12191F57CE0500F546EA /* Smack */,
				91CC12181F57CE0500F546EA /* Products */,
				E97A1738257018A4EAD280A2 /* Pods */,
				86146257831BCB644E6D66F4 /* Frameworks */,
			);
			sourceTree = "<group>";
		};
		91CC12181F57CE0500F546EA /* Products */ = {
			isa = PBXGroup;
			children = (
				91CC12171F57CE0500F546EA /* Smack.app */,
			);
			name = Products;
			sourceTree = "<group>";
		};
		91CC12191F57CE0500F546EA /* Smack */ = {
			isa = PBXGroup;
			children = (
				91B1961C1F59167A00831E52 /* Utilities */,
				91C792CE1F593E42004DE3A7 /* Services */,
				9146B77F1F58E23700D25394 /* Model */,
				9146B77E1F58E22E00D25394 /* View */,
				9146B77D1F58E22A00D25394 /* Controller */,
				9162EDBF1F57D7FD0046FFFA /* Supporting Files */,
				91CC121A1F57CE0500F546EA /* AppDelegate.swift */,
				91CC12211F57CE0500F546EA /* Assets.xcassets */,
				91CC12261F57CE0500F546EA /* Info.plist */,
			);
			path = Smack;
			sourceTree = "<group>";
		};
		E97A1738257018A4EAD280A2 /* Pods */ = {
			isa = PBXGroup;
			children = (
				EDD4B9477FF4F60E3EA4B390 /* Pods-Smack.debug.xcconfig */,
				DA45A3F684277CAA0515177B /* Pods-Smack.release.xcconfig */,
			);
			name = Pods;
			sourceTree = "<group>";
		};
/* End PBXGroup section */

/* Begin PBXNativeTarget section */
		91CC12161F57CE0500F546EA /* Smack */ = {
			isa = PBXNativeTarget;
			buildConfigurationList = 91CC12291F57CE0500F546EA /* Build configuration list for PBXNativeTarget "Smack" */;
			buildPhases = (
				EE08BC02C66DDC9939F2D288 /* [CP] Check Pods Manifest.lock */,
				91CC12131F57CE0500F546EA /* Sources */,
				91CC12141F57CE0500F546EA /* Frameworks */,
				91CC12151F57CE0500F546EA /* Resources */,
				5B12241FAC77FC3F104B72D6 /* [CP] Embed Pods Frameworks */,
				7F05123E824CC8CA5EBE350E /* [CP] Copy Pods Resources */,
			);
			buildRules = (
			);
			dependencies = (
			);
			name = Smack;
			productName = Smack;
			productReference = 91CC12171F57CE0500F546EA /* Smack.app */;
			productType = "com.apple.product-type.application";
		};
/* End PBXNativeTarget section */

/* Begin PBXProject section */
		91CC120F1F57CE0500F546EA /* Project object */ = {
			isa = PBXProject;
			attributes = {
				LastSwiftUpdateCheck = 0900;
				LastUpgradeCheck = 0900;
				ORGANIZATIONNAME = SeanPerez;
				TargetAttributes = {
					91CC12161F57CE0500F546EA = {
						CreatedOnToolsVersion = 9.0;
						LastSwiftMigration = 0900;
						ProvisioningStyle = Automatic;
					};
				};
			};
			buildConfigurationList = 91CC12121F57CE0500F546EA /* Build configuration list for PBXProject "Smack" */;
			compatibilityVersion = "Xcode 8.0";
			developmentRegion = en;
			hasScannedForEncodings = 0;
			knownRegions = (
				en,
				Base,
			);
			mainGroup = 91CC120E1F57CE0500F546EA;
			productRefGroup = 91CC12181F57CE0500F546EA /* Products */;
			projectDirPath = "";
			projectRoot = "";
			targets = (
				91CC12161F57CE0500F546EA /* Smack */,
			);
		};
/* End PBXProject section */

/* Begin PBXResourcesBuildPhase section */
		91CC12151F57CE0500F546EA /* Resources */ = {
			isa = PBXResourcesBuildPhase;
			buildActionMask = 2147483647;
			files = (
				91CC12251F57CE0500F546EA /* LaunchScreen.storyboard in Resources */,
				91CC12221F57CE0500F546EA /* Assets.xcassets in Resources */,
				91CC12201F57CE0500F546EA /* Main.storyboard in Resources */,
			);
			runOnlyForDeploymentPostprocessing = 0;
		};
/* End PBXResourcesBuildPhase section */

/* Begin PBXShellScriptBuildPhase section */
		5B12241FAC77FC3F104B72D6 /* [CP] Embed Pods Frameworks */ = {
			isa = PBXShellScriptBuildPhase;
			buildActionMask = 2147483647;
			files = (
			);
			inputPaths = (
			);
			name = "[CP] Embed Pods Frameworks";
			outputPaths = (
			);
			runOnlyForDeploymentPostprocessing = 0;
			shellPath = /bin/sh;
			shellScript = "\"${SRCROOT}/Pods/Target Support Files/Pods-Smack/Pods-Smack-frameworks.sh\"\n";
			showEnvVarsInLog = 0;
		};
		7F05123E824CC8CA5EBE350E /* [CP] Copy Pods Resources */ = {
			isa = PBXShellScriptBuildPhase;
			buildActionMask = 2147483647;
			files = (
			);
			inputPaths = (
			);
			name = "[CP] Copy Pods Resources";
			outputPaths = (
			);
			runOnlyForDeploymentPostprocessing = 0;
			shellPath = /bin/sh;
			shellScript = "\"${SRCROOT}/Pods/Target Support Files/Pods-Smack/Pods-Smack-resources.sh\"\n";
			showEnvVarsInLog = 0;
		};
		EE08BC02C66DDC9939F2D288 /* [CP] Check Pods Manifest.lock */ = {
			isa = PBXShellScriptBuildPhase;
			buildActionMask = 2147483647;
			files = (
			);
			inputPaths = (
			);
			name = "[CP] Check Pods Manifest.lock";
			outputPaths = (
			);
			runOnlyForDeploymentPostprocessing = 0;
			shellPath = /bin/sh;
			shellScript = "diff \"${PODS_ROOT}/../Podfile.lock\" \"${PODS_ROOT}/Manifest.lock\" > /dev/null\nif [ $? != 0 ] ; then\n    # print error to STDERR\n    echo \"error: The sandbox is not in sync with the Podfile.lock. Run 'pod install' or update your CocoaPods installation.\" >&2\n    exit 1\nfi\n";
			showEnvVarsInLog = 0;
		};
/* End PBXShellScriptBuildPhase section */

/* Begin PBXSourcesBuildPhase section */
		91CC12131F57CE0500F546EA /* Sources */ = {
			isa = PBXSourcesBuildPhase;
			buildActionMask = 2147483647;
			files = (
				91CC121D1F57CE0500F546EA /* ChatVC.swift in Sources */,
				914559191F59F399002E0EEE /* RoundedButton.swift in Sources */,
				9146B7811F58E27900D25394 /* ChannelVC.swift in Sources */,
				9145591D1F5A253A002E0EEE /* UserDataService.swift in Sources */,
				91FCBB271F591ED00027BC77 /* CreateAccountVC.swift in Sources */,
				91C792D01F593E59004DE3A7 /* AuthService.swift in Sources */,
				91B196201F591C9400831E52 /* LoginVC.swift in Sources */,
				91B1961B1F58EEDB00831E52 /* GradientView.swift in Sources */,
				91CC121B1F57CE0500F546EA /* AppDelegate.swift in Sources */,
				91B196191F58EB1200831E52 /* SWRevealViewController.m in Sources */,
				91B1961E1F59168E00831E52 /* Constants.swift in Sources */,
			);
			runOnlyForDeploymentPostprocessing = 0;
		};
/* End PBXSourcesBuildPhase section */

/* Begin PBXVariantGroup section */
		91CC121E1F57CE0500F546EA /* Main.storyboard */ = {
			isa = PBXVariantGroup;
			children = (
				91CC121F1F57CE0500F546EA /* Base */,
			);
			name = Main.storyboard;
			sourceTree = "<group>";
		};
		91CC12231F57CE0500F546EA /* LaunchScreen.storyboard */ = {
			isa = PBXVariantGroup;
			children = (
				91CC12241F57CE0500F546EA /* Base */,
			);
			name = LaunchScreen.storyboard;
			sourceTree = "<group>";
		};
/* End PBXVariantGroup section */

/* Begin XCBuildConfiguration section */
		91CC12271F57CE0500F546EA /* Debug */ = {
			isa = XCBuildConfiguration;
			buildSettings = {
				ALWAYS_SEARCH_USER_PATHS = NO;
				CLANG_ANALYZER_NONNULL = YES;
				CLANG_ANALYZER_NUMBER_OBJECT_CONVERSION = YES_AGGRESSIVE;
				CLANG_CXX_LANGUAGE_STANDARD = "gnu++14";
				CLANG_CXX_LIBRARY = "libc++";
				CLANG_ENABLE_MODULES = YES;
				CLANG_ENABLE_OBJC_ARC = YES;
				CLANG_WARN_BLOCK_CAPTURE_AUTORELEASING = YES;
				CLANG_WARN_BOOL_CONVERSION = YES;
				CLANG_WARN_COMMA = YES;
				CLANG_WARN_CONSTANT_CONVERSION = YES;
				CLANG_WARN_DIRECT_OBJC_ISA_USAGE = YES_ERROR;
				CLANG_WARN_DOCUMENTATION_COMMENTS = YES;
				CLANG_WARN_EMPTY_BODY = YES;
				CLANG_WARN_ENUM_CONVERSION = YES;
				CLANG_WARN_INFINITE_RECURSION = YES;
				CLANG_WARN_INT_CONVERSION = YES;
				CLANG_WARN_NON_LITERAL_NULL_CONVERSION = YES;
				CLANG_WARN_OBJC_LITERAL_CONVERSION = YES;
				CLANG_WARN_OBJC_ROOT_CLASS = YES_ERROR;
				CLANG_WARN_RANGE_LOOP_ANALYSIS = YES;
				CLANG_WARN_STRICT_PROTOTYPES = YES;
				CLANG_WARN_SUSPICIOUS_MOVE = YES;
				CLANG_WARN_UNGUARDED_AVAILABILITY = YES_AGGRESSIVE;
				CLANG_WARN_UNREACHABLE_CODE = YES;
				CLANG_WARN__DUPLICATE_METHOD_MATCH = YES;
				CODE_SIGN_IDENTITY = "iPhone Developer";
				COPY_PHASE_STRIP = NO;
				DEBUG_INFORMATION_FORMAT = dwarf;
				ENABLE_STRICT_OBJC_MSGSEND = YES;
				ENABLE_TESTABILITY = YES;
				GCC_C_LANGUAGE_STANDARD = gnu11;
				GCC_DYNAMIC_NO_PIC = NO;
				GCC_NO_COMMON_BLOCKS = YES;
				GCC_OPTIMIZATION_LEVEL = 0;
				GCC_PREPROCESSOR_DEFINITIONS = (
					"DEBUG=1",
					"$(inherited)",
				);
				GCC_WARN_64_TO_32_BIT_CONVERSION = YES;
				GCC_WARN_ABOUT_RETURN_TYPE = YES_ERROR;
				GCC_WARN_UNDECLARED_SELECTOR = YES;
				GCC_WARN_UNINITIALIZED_AUTOS = YES_AGGRESSIVE;
				GCC_WARN_UNUSED_FUNCTION = YES;
				GCC_WARN_UNUSED_VARIABLE = YES;
				IPHONEOS_DEPLOYMENT_TARGET = 11.0;
				MTL_ENABLE_DEBUG_INFO = YES;
				ONLY_ACTIVE_ARCH = YES;
				SDKROOT = iphoneos;
				SWIFT_ACTIVE_COMPILATION_CONDITIONS = DEBUG;
				SWIFT_OPTIMIZATION_LEVEL = "-Onone";
			};
			name = Debug;
		};
		91CC12281F57CE0500F546EA /* Release */ = {
			isa = XCBuildConfiguration;
			buildSettings = {
				ALWAYS_SEARCH_USER_PATHS = NO;
				CLANG_ANALYZER_NONNULL = YES;
				CLANG_ANALYZER_NUMBER_OBJECT_CONVERSION = YES_AGGRESSIVE;
				CLANG_CXX_LANGUAGE_STANDARD = "gnu++14";
				CLANG_CXX_LIBRARY = "libc++";
				CLANG_ENABLE_MODULES = YES;
				CLANG_ENABLE_OBJC_ARC = YES;
				CLANG_WARN_BLOCK_CAPTURE_AUTORELEASING = YES;
				CLANG_WARN_BOOL_CONVERSION = YES;
				CLANG_WARN_COMMA = YES;
				CLANG_WARN_CONSTANT_CONVERSION = YES;
				CLANG_WARN_DIRECT_OBJC_ISA_USAGE = YES_ERROR;
				CLANG_WARN_DOCUMENTATION_COMMENTS = YES;
				CLANG_WARN_EMPTY_BODY = YES;
				CLANG_WARN_ENUM_CONVERSION = YES;
				CLANG_WARN_INFINITE_RECURSION = YES;
				CLANG_WARN_INT_CONVERSION = YES;
				CLANG_WARN_NON_LITERAL_NULL_CONVERSION = YES;
				CLANG_WARN_OBJC_LITERAL_CONVERSION = YES;
				CLANG_WARN_OBJC_ROOT_CLASS = YES_ERROR;
				CLANG_WARN_RANGE_LOOP_ANALYSIS = YES;
				CLANG_WARN_STRICT_PROTOTYPES = YES;
				CLANG_WARN_SUSPICIOUS_MOVE = YES;
				CLANG_WARN_UNGUARDED_AVAILABILITY = YES_AGGRESSIVE;
				CLANG_WARN_UNREACHABLE_CODE = YES;
				CLANG_WARN__DUPLICATE_METHOD_MATCH = YES;
				CODE_SIGN_IDENTITY = "iPhone Developer";
				COPY_PHASE_STRIP = NO;
				DEBUG_INFORMATION_FORMAT = "dwarf-with-dsym";
				ENABLE_NS_ASSERTIONS = NO;
				ENABLE_STRICT_OBJC_MSGSEND = YES;
				GCC_C_LANGUAGE_STANDARD = gnu11;
				GCC_NO_COMMON_BLOCKS = YES;
				GCC_WARN_64_TO_32_BIT_CONVERSION = YES;
				GCC_WARN_ABOUT_RETURN_TYPE = YES_ERROR;
				GCC_WARN_UNDECLARED_SELECTOR = YES;
				GCC_WARN_UNINITIALIZED_AUTOS = YES_AGGRESSIVE;
				GCC_WARN_UNUSED_FUNCTION = YES;
				GCC_WARN_UNUSED_VARIABLE = YES;
				IPHONEOS_DEPLOYMENT_TARGET = 11.0;
				MTL_ENABLE_DEBUG_INFO = NO;
				SDKROOT = iphoneos;
				SWIFT_OPTIMIZATION_LEVEL = "-Owholemodule";
				VALIDATE_PRODUCT = YES;
			};
			name = Release;
		};
		91CC122A1F57CE0500F546EA /* Debug */ = {
			isa = XCBuildConfiguration;
			baseConfigurationReference = EDD4B9477FF4F60E3EA4B390 /* Pods-Smack.debug.xcconfig */;
			buildSettings = {
				ASSETCATALOG_COMPILER_APPICON_NAME = AppIcon;
				CLANG_ENABLE_MODULES = YES;
				CODE_SIGN_STYLE = Automatic;
				DEVELOPMENT_TEAM = C54QH5F96U;
				INFOPLIST_FILE = Smack/Info.plist;
				LD_RUNPATH_SEARCH_PATHS = "$(inherited) @executable_path/Frameworks";
				PRODUCT_BUNDLE_IDENTIFIER = com.SeanPerez.Smack;
				PRODUCT_NAME = "$(TARGET_NAME)";
				SWIFT_OBJC_BRIDGING_HEADER = "Smack/Supporting Files/Smack-Bridging-Header.h";
				SWIFT_OPTIMIZATION_LEVEL = "-Onone";
				SWIFT_VERSION = 4.0;
				TARGETED_DEVICE_FAMILY = "1,2";
			};
			name = Debug;
		};
		91CC122B1F57CE0500F546EA /* Release */ = {
			isa = XCBuildConfiguration;
			baseConfigurationReference = DA45A3F684277CAA0515177B /* Pods-Smack.release.xcconfig */;
			buildSettings = {
				ASSETCATALOG_COMPILER_APPICON_NAME = AppIcon;
				CLANG_ENABLE_MODULES = YES;
				CODE_SIGN_STYLE = Automatic;
				DEVELOPMENT_TEAM = C54QH5F96U;
				INFOPLIST_FILE = Smack/Info.plist;
				LD_RUNPATH_SEARCH_PATHS = "$(inherited) @executable_path/Frameworks";
				PRODUCT_BUNDLE_IDENTIFIER = com.SeanPerez.Smack;
				PRODUCT_NAME = "$(TARGET_NAME)";
				SWIFT_OBJC_BRIDGING_HEADER = "Smack/Supporting Files/Smack-Bridging-Header.h";
				SWIFT_VERSION = 4.0;
				TARGETED_DEVICE_FAMILY = "1,2";
			};
			name = Release;
		};
/* End XCBuildConfiguration section */

/* Begin XCConfigurationList section */
		91CC12121F57CE0500F546EA /* Build configuration list for PBXProject "Smack" */ = {
			isa = XCConfigurationList;
			buildConfigurations = (
				91CC12271F57CE0500F546EA /* Debug */,
				91CC12281F57CE0500F546EA /* Release */,
			);
			defaultConfigurationIsVisible = 0;
			defaultConfigurationName = Release;
		};
		91CC12291F57CE0500F546EA /* Build configuration list for PBXNativeTarget "Smack" */ = {
			isa = XCConfigurationList;
			buildConfigurations = (
				91CC122A1F57CE0500F546EA /* Debug */,
				91CC122B1F57CE0500F546EA /* Release */,
			);
			defaultConfigurationIsVisible = 0;
			defaultConfigurationName = Release;
		};
/* End XCConfigurationList section */
	};
	rootObject = 91CC120F1F57CE0500F546EA /* Project object */;
}
